
Microsoft Visual Studio Solution File, Format Version 12.00
# Visual Studio 2013
VisualStudioVersion = 12.0.30723.0
MinimumVisualStudioVersion = 10.0.40219.1
Project("{FAE04EC0-301F-11D3-BF4B-00C04F79EFBC}") = "IReadThai", "IReadThai\IReadThai.csproj", "{24D6A176-F1C1-4343-8368-D1EA40FDBCFA}"
EndProject
Project("{2150E333-8FDC-42A3-9474-1A3956D46DE8}") = "PublishScripts", "PublishScripts", "{4DCF4F75-BEA4-467D-ABF7-545EF3909ABB}"
	ProjectSection(SolutionItems) = preProject
		PublishScripts\AzureWebsitePublishModule.psm1 = PublishScripts\AzureWebsitePublishModule.psm1
		PublishScripts\Publish-WebApplicationWebsite.ps1 = PublishScripts\Publish-WebApplicationWebsite.ps1
	EndProjectSection
EndProject
Project("{2150E333-8FDC-42A3-9474-1A3956D46DE8}") = "Configurations", "Configurations", "{C0C49242-50F8-434D-B62B-C80D9AB0B190}"
	ProjectSection(SolutionItems) = preProject
		PublishScripts\Configurations\IReadThai-WAWS-dev.json = PublishScripts\Configurations\IReadThai-WAWS-dev.json
	EndProjectSection
EndProject
Project("{2150E333-8FDC-42A3-9474-1A3956D46DE8}") = ".nuget", ".nuget", "{D02892BE-AFA7-43C7-BC8D-B333668072D3}"
	ProjectSection(SolutionItems) = preProject
		.nuget\packages.config = .nuget\packages.config
	EndProjectSection
EndProject
Global
	GlobalSection(SolutionConfigurationPlatforms) = preSolution
		Debug|Any CPU = Debug|Any CPU
		Release|Any CPU = Release|Any CPU
	EndGlobalSection
	GlobalSection(ProjectConfigurationPlatforms) = postSolution
		{24D6A176-F1C1-4343-8368-D1EA40FDBCFA}.Debug|Any CPU.ActiveCfg = Debug|Any CPU
		{24D6A176-F1C1-4343-8368-D1EA40FDBCFA}.Debug|Any CPU.Build.0 = Debug|Any CPU
		{24D6A176-F1C1-4343-8368-D1EA40FDBCFA}.Release|Any CPU.ActiveCfg = Release|Any CPU
		{24D6A176-F1C1-4343-8368-D1EA40FDBCFA}.Release|Any CPU.Build.0 = Release|Any CPU
	EndGlobalSection
	GlobalSection(SolutionProperties) = preSolution
		HideSolutionNode = FALSE
	EndGlobalSection
	GlobalSection(NestedProjects) = preSolution
		{C0C49242-50F8-434D-B62B-C80D9AB0B190} = {4DCF4F75-BEA4-467D-ABF7-545EF3909ABB}
	EndGlobalSection
EndGlobal
